// !$*UTF8*$!
{
	archiveVersion = 1;
	classes = {
	};
	objectVersion = 77;
	objects = {

/* Begin PBXBuildFile section */
		021435622E11E708004DA5C0 /* YouTubeKit in Frameworks */ = {isa = PBXBuildFile; productRef = 021435612E11E708004DA5C0 /* YouTubeKit */; };
/* End PBXBuildFile section */

/* Begin PBXContainerItemProxy section */
		021435432E11E29A004DA5C0 /* PBXContainerItemProxy */ = {
			isa = PBXContainerItemProxy;
			containerPortal = 021435282E11E299004DA5C0 /* Project object */;
			proxyType = 1;
			remoteGlobalIDString = 0214352F2E11E299004DA5C0;
			remoteInfo = eerf_music;
		};
		0214354D2E11E29A004DA5C0 /* PBXContainerItemProxy */ = {
			isa = PBXContainerItemProxy;
			containerPortal = 021435282E11E299004DA5C0 /* Project object */;
			proxyType = 1;
			remoteGlobalIDString = 0214352F2E11E299004DA5C0;
			remoteInfo = eerf_music;
		};
/* End PBXContainerItemProxy section */

/* Begin PBXFileReference section */
		021435302E11E299004DA5C0 /* eerf_music.app */ = {isa = PBXFileReference; explicitFileType = wrapper.application; includeInIndex = 0; path = eerf_music.app; sourceTree = BUILT_PRODUCTS_DIR; };
		021435422E11E29A004DA5C0 /* eerf_musicTests.xctest */ = {isa = PBXFileReference; explicitFileType = wrapper.cfbundle; includeInIndex = 0; path = eerf_musicTests.xctest; sourceTree = BUILT_PRODUCTS_DIR; };
		0214354C2E11E29A004DA5C0 /* eerf_musicUITests.xctest */ = {isa = PBXFileReference; explicitFileType = wrapper.cfbundle; includeInIndex = 0; path = eerf_musicUITests.xctest; sourceTree = BUILT_PRODUCTS_DIR; };
/* End PBXFileReference section */

/* Begin PBXFileSystemSynchronizedRootGroup section */
		021435322E11E299004DA5C0 /* eerf_music */ = {
			isa = PBXFileSystemSynchronizedRootGroup;
			path = eerf_music;
			sourceTree = "<group>";
		};
		021435452E11E29A004DA5C0 /* eerf_musicTests */ = {
			isa = PBXFileSystemSynchronizedRootGroup;
			path = eerf_musicTests;
			sourceTree = "<group>";
		};
		0214354F2E11E29A004DA5C0 /* eerf_musicUITests */ = {
			isa = PBXFileSystemSynchronizedRootGroup;
			path = eerf_musicUITests;
			sourceTree = "<group>";
		};
/* End PBXFileSystemSynchronizedRootGroup section */

/* Begin PBXFrameworksBuildPhase section */
		0214352D2E11E299004DA5C0 /* Frameworks */ = {
			isa = PBXFrameworksBuildPhase;
			buildActionMask = 2147483647;
			files = (
				021435622E11E708004DA5C0 /* YouTubeKit in Frameworks */,
			);
			runOnlyForDeploymentPostprocessing = 0;
		};
		0214353F2E11E29A004DA5C0 /* Frameworks */ = {
			isa = PBXFrameworksBuildPhase;
			buildActionMask = 2147483647;
			files = (
			);
			runOnlyForDeploymentPostprocessing = 0;
		};
		021435492E11E29A004DA5C0 /* Frameworks */ = {
			isa = PBXFrameworksBuildPhase;
			buildActionMask = 2147483647;
			files = (
			);
			runOnlyForDeploymentPostprocessing = 0;
		};
/* End PBXFrameworksBuildPhase section */

/* Begin PBXGroup section */
		021435272E11E299004DA5C0 = {
			isa = PBXGroup;
			children = (
				021435322E11E299004DA5C0 /* eerf_music */,
				021435452E11E29A004DA5C0 /* eerf_musicTests */,
				0214354F2E11E29A004DA5C0 /* eerf_musicUITests */,
				021435602E11E708004DA5C0 /* Frameworks */,
				021435312E11E299004DA5C0 /* Products */,
			);
			sourceTree = "<group>";
		};
		021435312E11E299004DA5C0 /* Products */ = {
			isa = PBXGroup;
			children = (
				021435302E11E299004DA5C0 /* eerf_music.app */,
				021435422E11E29A004DA5C0 /* eerf_musicTests.xctest */,
				0214354C2E11E29A004DA5C0 /* eerf_musicUITests.xctest */,
			);
			name = Products;
			sourceTree = "<group>";
		};
		021435602E11E708004DA5C0 /* Frameworks */ = {
			isa = PBXGroup;
			children = (
			);
			name = Frameworks;
			sourceTree = "<group>";
		};
/* End PBXGroup section */

/* Begin PBXNativeTarget section */
		0214352F2E11E299004DA5C0 /* eerf_music */ = {
			isa = PBXNativeTarget;
			buildConfigurationList = 021435562E11E29A004DA5C0 /* Build configuration list for PBXNativeTarget "eerf_music" */;
			buildPhases = (
				0214352C2E11E299004DA5C0 /* Sources */,
				0214352D2E11E299004DA5C0 /* Frameworks */,
				0214352E2E11E299004DA5C0 /* Resources */,
			);
			buildRules = (
			);
			dependencies = (
			);
			fileSystemSynchronizedGroups = (
				021435322E11E299004DA5C0 /* eerf_music */,
			);
			name = eerf_music;
			packageProductDependencies = (
				021435612E11E708004DA5C0 /* YouTubeKit */,
			);
			productName = eerf_music;
			productReference = 021435302E11E299004DA5C0 /* eerf_music.app */;
			productType = "com.apple.product-type.application";
		};
		021435412E11E29A004DA5C0 /* eerf_musicTests */ = {
			isa = PBXNativeTarget;
			buildConfigurationList = 021435592E11E29A004DA5C0 /* Build configuration list for PBXNativeTarget "eerf_musicTests" */;
			buildPhases = (
				0214353E2E11E29A004DA5C0 /* Sources */,
				0214353F2E11E29A004DA5C0 /* Frameworks */,
				021435402E11E29A004DA5C0 /* Resources */,
			);
			buildRules = (
			);
			dependencies = (
				021435442E11E29A004DA5C0 /* PBXTargetDependency */,
			);
			fileSystemSynchronizedGroups = (
				021435452E11E29A004DA5C0 /* eerf_musicTests */,
			);
			name = eerf_musicTests;
			packageProductDependencies = (
			);
			productName = eerf_musicTests;
			productReference = 021435422E11E29A004DA5C0 /* eerf_musicTests.xctest */;
			productType = "com.apple.product-type.bundle.unit-test";
		};
		0214354B2E11E29A004DA5C0 /* eerf_musicUITests */ = {
			isa = PBXNativeTarget;
			buildConfigurationList = 0214355C2E11E29A004DA5C0 /* Build configuration list for PBXNativeTarget "eerf_musicUITests" */;
			buildPhases = (
				021435482E11E29A004DA5C0 /* Sources */,
				021435492E11E29A004DA5C0 /* Frameworks */,
				0214354A2E11E29A004DA5C0 /* Resources */,
			);
			buildRules = (
			);
			dependencies = (
				0214354E2E11E29A004DA5C0 /* PBXTargetDependency */,
			);
			fileSystemSynchronizedGroups = (
				0214354F2E11E29A004DA5C0 /* eerf_musicUITests */,
			);
			name = eerf_musicUITests;
			packageProductDependencies = (
			);
			productName = eerf_musicUITests;
			productReference = 0214354C2E11E29A004DA5C0 /* eerf_musicUITests.xctest */;
			productType = "com.apple.product-type.bundle.ui-testing";
		};
/* End PBXNativeTarget section */

/* Begin PBXProject section */
		021435282E11E299004DA5C0 /* Project object */ = {
			isa = PBXProject;
			attributes = {
				BuildIndependentTargetsInParallel = 1;
				LastSwiftUpdateCheck = 1610;
				LastUpgradeCheck = 1610;
				TargetAttributes = {
					0214352F2E11E299004DA5C0 = {
						CreatedOnToolsVersion = 16.1;
					};
					021435412E11E29A004DA5C0 = {
						CreatedOnToolsVersion = 16.1;
						TestTargetID = 0214352F2E11E299004DA5C0;
					};
					0214354B2E11E29A004DA5C0 = {
						CreatedOnToolsVersion = 16.1;
						TestTargetID = 0214352F2E11E299004DA5C0;
					};
				};
			};
			buildConfigurationList = 0214352B2E11E299004DA5C0 /* Build configuration list for PBXProject "eerf_music" */;
			developmentRegion = en;
			hasScannedForEncodings = 0;
			knownRegions = (
				en,
				Base,
			);
			mainGroup = 021435272E11E299004DA5C0;
			minimizedProjectReferenceProxies = 1;
			packageReferences = (
				0214355F2E11E657004DA5C0 /* XCRemoteSwiftPackageReference "YouTubeKit" */,
			);
			preferredProjectObjectVersion = 77;
			productRefGroup = 021435312E11E299004DA5C0 /* Products */;
			projectDirPath = "";
			projectRoot = "";
			targets = (
				0214352F2E11E299004DA5C0 /* eerf_music */,
				021435412E11E29A004DA5C0 /* eerf_musicTests */,
				0214354B2E11E29A004DA5C0 /* eerf_musicUITests */,
			);
		};
/* End PBXProject section */

/* Begin PBXResourcesBuildPhase section */
		0214352E2E11E299004DA5C0 /* Resources */ = {
			isa = PBXResourcesBuildPhase;
			buildActionMask = 2147483647;
			files = (
			);
			runOnlyForDeploymentPostprocessing = 0;
		};
		021435402E11E29A004DA5C0 /* Resources */ = {
			isa = PBXResourcesBuildPhase;
			buildActionMask = 2147483647;
			files = (
			);
			runOnlyForDeploymentPostprocessing = 0;
		};
		0214354A2E11E29A004DA5C0 /* Resources */ = {
			isa = PBXResourcesBuildPhase;
			buildActionMask = 2147483647;
			files = (
			);
			runOnlyForDeploymentPostprocessing = 0;
		};
/* End PBXResourcesBuildPhase section */

/* Begin PBXSourcesBuildPhase section */
		0214352C2E11E299004DA5C0 /* Sources */ = {
			isa = PBXSourcesBuildPhase;
			buildActionMask = 2147483647;
			files = (
			);
			runOnlyForDeploymentPostprocessing = 0;
		};
		0214353E2E11E29A004DA5C0 /* Sources */ = {
			isa = PBXSourcesBuildPhase;
			buildActionMask = 2147483647;
			files = (
			);
			runOnlyForDeploymentPostprocessing = 0;
		};
		021435482E11E29A004DA5C0 /* Sources */ = {
			isa = PBXSourcesBuildPhase;
			buildActionMask = 2147483647;
			files = (
			);
			runOnlyForDeploymentPostprocessing = 0;
		};
/* End PBXSourcesBuildPhase section */

/* Begin PBXTargetDependency section */
		021435442E11E29A004DA5C0 /* PBXTargetDependency */ = {
			isa = PBXTargetDependency;
			target = 0214352F2E11E299004DA5C0 /* eerf_music */;
			targetProxy = 021435432E11E29A004DA5C0 /* PBXContainerItemProxy */;
		};
		0214354E2E11E29A004DA5C0 /* PBXTargetDependency */ = {
			isa = PBXTargetDependency;
			target = 0214352F2E11E299004DA5C0 /* eerf_music */;
			targetProxy = 0214354D2E11E29A004DA5C0 /* PBXContainerItemProxy */;
		};
/* End PBXTargetDependency section */

/* Begin XCBuildConfiguration section */
		021435542E11E29A004DA5C0 /* Debug */ = {
			isa = XCBuildConfiguration;
			buildSettings = {
				ALWAYS_SEARCH_USER_PATHS = NO;
				ASSETCATALOG_COMPILER_GENERATE_SWIFT_ASSET_SYMBOL_EXTENSIONS = YES;
				CLANG_ANALYZER_NONNULL = YES;
				CLANG_ANALYZER_NUMBER_OBJECT_CONVERSION = YES_AGGRESSIVE;
				CLANG_CXX_LANGUAGE_STANDARD = "gnu++20";
				CLANG_ENABLE_MODULES = YES;
				CLANG_ENABLE_OBJC_ARC = YES;
				CLANG_ENABLE_OBJC_WEAK = YES;
				CLANG_WARN_BLOCK_CAPTURE_AUTORELEASING = YES;
				CLANG_WARN_BOOL_CONVERSION = YES;
				CLANG_WARN_COMMA = YES;
				CLANG_WARN_CONSTANT_CONVERSION = YES;
				CLANG_WARN_DEPRECATED_OBJC_IMPLEMENTATIONS = YES;
				CLANG_WARN_DIRECT_OBJC_ISA_USAGE = YES_ERROR;
				CLANG_WARN_DOCUMENTATION_COMMENTS = YES;
				CLANG_WARN_EMPTY_BODY = YES;
				CLANG_WARN_ENUM_CONVERSION = YES;
				CLANG_WARN_INFINITE_RECURSION = YES;
				CLANG_WARN_INT_CONVERSION = YES;
				CLANG_WARN_NON_LITERAL_NULL_CONVERSION = YES;
				CLANG_WARN_OBJC_IMPLICIT_RETAIN_SELF = YES;
				CLANG_WARN_OBJC_LITERAL_CONVERSION = YES;
				CLANG_WARN_OBJC_ROOT_CLASS = YES_ERROR;
				CLANG_WARN_QUOTED_INCLUDE_IN_FRAMEWORK_HEADER = YES;
				CLANG_WARN_RANGE_LOOP_ANALYSIS = YES;
				CLANG_WARN_STRICT_PROTOTYPES = YES;
				CLANG_WARN_SUSPICIOUS_MOVE = YES;
				CLANG_WARN_UNGUARDED_AVAILABILITY = YES_AGGRESSIVE;
				CLANG_WARN_UNREACHABLE_CODE = YES;
				CLANG_WARN__DUPLICATE_METHOD_MATCH = YES;
				COPY_PHASE_STRIP = NO;
				DEBUG_INFORMATION_FORMAT = dwarf;
				ENABLE_STRICT_OBJC_MSGSEND = YES;
				ENABLE_TESTABILITY = YES;
				ENABLE_USER_SCRIPT_SANDBOXING = YES;
				GCC_C_LANGUAGE_STANDARD = gnu17;
				GCC_DYNAMIC_NO_PIC = NO;
				GCC_NO_COMMON_BLOCKS = YES;
				GCC_OPTIMIZATION_LEVEL = 0;
				GCC_PREPROCESSOR_DEFINITIONS = (
					"DEBUG=1",
					"$(inherited)",
				);
				GCC_WARN_64_TO_32_BIT_CONVERSION = YES;
				GCC_WARN_ABOUT_RETURN_TYPE = YES_ERROR;
				GCC_WARN_UNDECLARED_SELECTOR = YES;
				GCC_WARN_UNINITIALIZED_AUTOS = YES_AGGRESSIVE;
				GCC_WARN_UNUSED_FUNCTION = YES;
				GCC_WARN_UNUSED_VARIABLE = YES;
				IPHONEOS_DEPLOYMENT_TARGET = 18.1;
				LOCALIZATION_PREFERS_STRING_CATALOGS = YES;
				MTL_ENABLE_DEBUG_INFO = INCLUDE_SOURCE;
				MTL_FAST_MATH = YES;
				ONLY_ACTIVE_ARCH = YES;
				SDKROOT = iphoneos;
				SWIFT_ACTIVE_COMPILATION_CONDITIONS = "DEBUG $(inherited)";
				SWIFT_OPTIMIZATION_LEVEL = "-Onone";
			};
			name = Debug;
		};
		021435552E11E29A004DA5C0 /* Release */ = {
			isa = XCBuildConfiguration;
			buildSettings = {
				ALWAYS_SEARCH_USER_PATHS = NO;
				ASSETCATALOG_COMPILER_GENERATE_SWIFT_ASSET_SYMBOL_EXTENSIONS = YES;
				CLANG_ANALYZER_NONNULL = YES;
				CLANG_ANALYZER_NUMBER_OBJECT_CONVERSION = YES_AGGRESSIVE;
				CLANG_CXX_LANGUAGE_STANDARD = "gnu++20";
				CLANG_ENABLE_MODULES = YES;
				CLANG_ENABLE_OBJC_ARC = YES;
				CLANG_ENABLE_OBJC_WEAK = YES;
				CLANG_WARN_BLOCK_CAPTURE_AUTORELEASING = YES;
				CLANG_WARN_BOOL_CONVERSION = YES;
				CLANG_WARN_COMMA = YES;
				CLANG_WARN_CONSTANT_CONVERSION = YES;
				CLANG_WARN_DEPRECATED_OBJC_IMPLEMENTATIONS = YES;
				CLANG_WARN_DIRECT_OBJC_ISA_USAGE = YES_ERROR;
				CLANG_WARN_DOCUMENTATION_COMMENTS = YES;
				CLANG_WARN_EMPTY_BODY = YES;
				CLANG_WARN_ENUM_CONVERSION = YES;
				CLANG_WARN_INFINITE_RECURSION = YES;
				CLANG_WARN_INT_CONVERSION = YES;
				CLANG_WARN_NON_LITERAL_NULL_CONVERSION = YES;
				CLANG_WARN_OBJC_IMPLICIT_RETAIN_SELF = YES;
				CLANG_WARN_OBJC_LITERAL_CONVERSION = YES;
				CLANG_WARN_OBJC_ROOT_CLASS = YES_ERROR;
				CLANG_WARN_QUOTED_INCLUDE_IN_FRAMEWORK_HEADER = YES;
				CLANG_WARN_RANGE_LOOP_ANALYSIS = YES;
				CLANG_WARN_STRICT_PROTOTYPES = YES;
				CLANG_WARN_SUSPICIOUS_MOVE = YES;
				CLANG_WARN_UNGUARDED_AVAILABILITY = YES_AGGRESSIVE;
				CLANG_WARN_UNREACHABLE_CODE = YES;
				CLANG_WARN__DUPLICATE_METHOD_MATCH = YES;
				COPY_PHASE_STRIP = NO;
				DEBUG_INFORMATION_FORMAT = "dwarf-with-dsym";
				ENABLE_NS_ASSERTIONS = NO;
				ENABLE_STRICT_OBJC_MSGSEND = YES;
				ENABLE_USER_SCRIPT_SANDBOXING = YES;
				GCC_C_LANGUAGE_STANDARD = gnu17;
				GCC_NO_COMMON_BLOCKS = YES;
				GCC_WARN_64_TO_32_BIT_CONVERSION = YES;
				GCC_WARN_ABOUT_RETURN_TYPE = YES_ERROR;
				GCC_WARN_UNDECLARED_SELECTOR = YES;
				GCC_WARN_UNINITIALIZED_AUTOS = YES_AGGRESSIVE;
				GCC_WARN_UNUSED_FUNCTION = YES;
				GCC_WARN_UNUSED_VARIABLE = YES;
				IPHONEOS_DEPLOYMENT_TARGET = 18.1;
				LOCALIZATION_PREFERS_STRING_CATALOGS = YES;
				MTL_ENABLE_DEBUG_INFO = NO;
				MTL_FAST_MATH = YES;
				SDKROOT = iphoneos;
				SWIFT_COMPILATION_MODE = wholemodule;
				VALIDATE_PRODUCT = YES;
			};
			name = Release;
		};
		021435572E11E29A004DA5C0 /* Debug */ = {
			isa = XCBuildConfiguration;
			buildSettings = {
				ASSETCATALOG_COMPILER_APPICON_NAME = AppIcon;
				ASSETCATALOG_COMPILER_GLOBAL_ACCENT_COLOR_NAME = AccentColor;
				CODE_SIGN_STYLE = Automatic;
				CURRENT_PROJECT_VERSION = 1;
				DEVELOPMENT_ASSET_PATHS = "\"eerf_music/Preview Content\"";
				DEVELOPMENT_TEAM = 4JSXD9USJU;
				ENABLE_PREVIEWS = YES;
				GENERATE_INFOPLIST_FILE = YES;
				INFOPLIST_KEY_UIApplicationSceneManifest_Generation = YES;
				INFOPLIST_KEY_UIApplicationSupportsIndirectInputEvents = YES;
				INFOPLIST_KEY_UILaunchScreen_Generation = YES;
				INFOPLIST_KEY_UISupportedInterfaceOrientations_iPad = "UIInterfaceOrientationPortrait UIInterfaceOrientationPortraitUpsideDown UIInterfaceOrientationLandscapeLeft UIInterfaceOrientationLandscapeRight";
				INFOPLIST_KEY_UISupportedInterfaceOrientations_iPhone = "UIInterfaceOrientationPortrait UIInterfaceOrientationLandscapeLeft UIInterfaceOrientationLandscapeRight";
				LD_RUNPATH_SEARCH_PATHS = (
					"$(inherited)",
					"@executable_path/Frameworks",
				);
				MARKETING_VERSION = 1.0;
				PRODUCT_BUNDLE_IDENTIFIER = "zackedds.eerf-music";
				PRODUCT_NAME = "$(TARGET_NAME)";
				SWIFT_EMIT_LOC_STRINGS = YES;
				SWIFT_VERSION = 5.0;
				TARGETED_DEVICE_FAMILY = "1,2";
			};
			name = Debug;
		};
		021435582E11E29A004DA5C0 /* Release */ = {
			isa = XCBuildConfiguration;
			buildSettings = {
				ASSETCATALOG_COMPILER_APPICON_NAME = AppIcon;
				ASSETCATALOG_COMPILER_GLOBAL_ACCENT_COLOR_NAME = AccentColor;
				CODE_SIGN_STYLE = Automatic;
				CURRENT_PROJECT_VERSION = 1;
				DEVELOPMENT_ASSET_PATHS = "\"eerf_music/Preview Content\"";
				DEVELOPMENT_TEAM = 4JSXD9USJU;
				ENABLE_PREVIEWS = YES;
				GENERATE_INFOPLIST_FILE = YES;
				INFOPLIST_KEY_UIApplicationSceneManifest_Generation = YES;
				INFOPLIST_KEY_UIApplicationSupportsIndirectInputEvents = YES;
				INFOPLIST_KEY_UILaunchScreen_Generation = YES;
				INFOPLIST_KEY_UISupportedInterfaceOrientations_iPad = "UIInterfaceOrientationPortrait UIInterfaceOrientationPortraitUpsideDown UIInterfaceOrientationLandscapeLeft UIInterfaceOrientationLandscapeRight";
				INFOPLIST_KEY_UISupportedInterfaceOrientations_iPhone = "UIInterfaceOrientationPortrait UIInterfaceOrientationLandscapeLeft UIInterfaceOrientationLandscapeRight";
				LD_RUNPATH_SEARCH_PATHS = (
					"$(inherited)",
					"@executable_path/Frameworks",
				);
				MARKETING_VERSION = 1.0;
				PRODUCT_BUNDLE_IDENTIFIER = "zackedds.eerf-music";
				PRODUCT_NAME = "$(TARGET_NAME)";
				SWIFT_EMIT_LOC_STRINGS = YES;
				SWIFT_VERSION = 5.0;
				TARGETED_DEVICE_FAMILY = "1,2";
			};
			name = Release;
		};
		0214355A2E11E29A004DA5C0 /* Debug */ = {
			isa = XCBuildConfiguration;
			buildSettings = {
				BUNDLE_LOADER = "$(TEST_HOST)";
				CODE_SIGN_STYLE = Automatic;
				CURRENT_PROJECT_VERSION = 1;
				DEVELOPMENT_TEAM = 4JSXD9USJU;
				GENERATE_INFOPLIST_FILE = YES;
				IPHONEOS_DEPLOYMENT_TARGET = 18.1;
				MARKETING_VERSION = 1.0;
				PRODUCT_BUNDLE_IDENTIFIER = "zackedds.eerf-musicTests";
				PRODUCT_NAME = "$(TARGET_NAME)";
				SWIFT_EMIT_LOC_STRINGS = NO;
				SWIFT_VERSION = 5.0;
				TARGETED_DEVICE_FAMILY = "1,2";
				TEST_HOST = "$(BUILT_PRODUCTS_DIR)/eerf_music.app/$(BUNDLE_EXECUTABLE_FOLDER_PATH)/eerf_music";
			};
			name = Debug;
		};
		0214355B2E11E29A004DA5C0 /* Release */ = {
			isa = XCBuildConfiguration;
			buildSettings = {
				BUNDLE_LOADER = "$(TEST_HOST)";
				CODE_SIGN_STYLE = Automatic;
				CURRENT_PROJECT_VERSION = 1;
				DEVELOPMENT_TEAM = 4JSXD9USJU;
				GENERATE_INFOPLIST_FILE = YES;
				IPHONEOS_DEPLOYMENT_TARGET = 18.1;
				MARKETING_VERSION = 1.0;
				PRODUCT_BUNDLE_IDENTIFIER = "zackedds.eerf-musicTests";
				PRODUCT_NAME = "$(TARGET_NAME)";
				SWIFT_EMIT_LOC_STRINGS = NO;
				SWIFT_VERSION = 5.0;
				TARGETED_DEVICE_FAMILY = "1,2";
				TEST_HOST = "$(BUILT_PRODUCTS_DIR)/eerf_music.app/$(BUNDLE_EXECUTABLE_FOLDER_PATH)/eerf_music";
			};
			name = Release;
		};
		0214355D2E11E29A004DA5C0 /* Debug */ = {
			isa = XCBuildConfiguration;
			buildSettings = {
				CODE_SIGN_STYLE = Automatic;
				CURRENT_PROJECT_VERSION = 1;
				DEVELOPMENT_TEAM = 4JSXD9USJU;
				GENERATE_INFOPLIST_FILE = YES;
				MARKETING_VERSION = 1.0;
				PRODUCT_BUNDLE_IDENTIFIER = "zackedds.eerf-musicUITests";
				PRODUCT_NAME = "$(TARGET_NAME)";
				SWIFT_EMIT_LOC_STRINGS = NO;
				SWIFT_VERSION = 5.0;
				TARGETED_DEVICE_FAMILY = "1,2";
				TEST_TARGET_NAME = eerf_music;
			};
			name = Debug;
		};
		0214355E2E11E29A004DA5C0 /* Release */ = {
			isa = XCBuildConfiguration;
			buildSettings = {
				CODE_SIGN_STYLE = Automatic;
				CURRENT_PROJECT_VERSION = 1;
				DEVELOPMENT_TEAM = 4JSXD9USJU;
				GENERATE_INFOPLIST_FILE = YES;
				MARKETING_VERSION = 1.0;
				PRODUCT_BUNDLE_IDENTIFIER = "zackedds.eerf-musicUITests";
				PRODUCT_NAME = "$(TARGET_NAME)";
				SWIFT_EMIT_LOC_STRINGS = NO;
				SWIFT_VERSION = 5.0;
				TARGETED_DEVICE_FAMILY = "1,2";
				TEST_TARGET_NAME = eerf_music;
			};
			name = Release;
		};
/* End XCBuildConfiguration section */

/* Begin XCConfigurationList section */
		0214352B2E11E299004DA5C0 /* Build configuration list for PBXProject "eerf_music" */ = {
			isa = XCConfigurationList;
			buildConfigurations = (
				021435542E11E29A004DA5C0 /* Debug */,
				021435552E11E29A004DA5C0 /* Release */,
			);
			defaultConfigurationIsVisible = 0;
			defaultConfigurationName = Release;
		};
		021435562E11E29A004DA5C0 /* Build configuration list for PBXNativeTarget "eerf_music" */ = {
			isa = XCConfigurationList;
			buildConfigurations = (
				021435572E11E29A004DA5C0 /* Debug */,
				021435582E11E29A004DA5C0 /* Release */,
			);
			defaultConfigurationIsVisible = 0;
			defaultConfigurationName = Release;
		};
		021435592E11E29A004DA5C0 /* Build configuration list for PBXNativeTarget "eerf_musicTests" */ = {
			isa = XCConfigurationList;
			buildConfigurations = (
				0214355A2E11E29A004DA5C0 /* Debug */,
				0214355B2E11E29A004DA5C0 /* Release */,
			);
			defaultConfigurationIsVisible = 0;
			defaultConfigurationName = Release;
		};
		0214355C2E11E29A004DA5C0 /* Build configuration list for PBXNativeTarget "eerf_musicUITests" */ = {
			isa = XCConfigurationList;
			buildConfigurations = (
				0214355D2E11E29A004DA5C0 /* Debug */,
				0214355E2E11E29A004DA5C0 /* Release */,
			);
			defaultConfigurationIsVisible = 0;
			defaultConfigurationName = Release;
		};
/* End XCConfigurationList section */

/* Begin XCRemoteSwiftPackageReference section */
		0214355F2E11E657004DA5C0 /* XCRemoteSwiftPackageReference "YouTubeKit" */ = {
			isa = XCRemoteSwiftPackageReference;
			repositoryURL = "https://github.com/alexeichhorn/YouTubeKit";
			requirement = {
				kind = upToNextMajorVersion;
				minimumVersion = 0.2.8;
			};
		};
/* End XCRemoteSwiftPackageReference section */

/* Begin XCSwiftPackageProductDependency section */
		021435612E11E708004DA5C0 /* YouTubeKit */ = {
			isa = XCSwiftPackageProductDependency;
			package = 0214355F2E11E657004DA5C0 /* XCRemoteSwiftPackageReference "YouTubeKit" */;
			productName = YouTubeKit;
		};
/* End XCSwiftPackageProductDependency section */
	};
	rootObject = 021435282E11E299004DA5C0 /* Project object */;
}
